
Microsoft Visual Studio Solution File, Format Version 12.00
# Visual Studio 15
VisualStudioVersion = 15.0.26730.8
MinimumVisualStudioVersion = 10.0.40219.1
Project("{FAE04EC0-301F-11D3-BF4B-00C04F79EFBC}") = "ActorModel", "ActorModel\ActorModel.csproj", "{D47AEBB1-24D8-4D6F-A4C8-E7319D2CDACB}"
EndProject
Project("{FAE04EC0-301F-11D3-BF4B-00C04F79EFBC}") = "ChatServerHost", "ChatServerHost\ChatServerHost.csproj", "{3C340419-48FF-4BD4-9427-372CDA5B63A2}"
EndProject
Project("{FAE04EC0-301F-11D3-BF4B-00C04F79EFBC}") = "ActorModel.Tests", "ActorModel.Tests\ActorModel.Tests.csproj", "{DAFD777F-8553-4B28-A289-6CE10974B9E2}"
EndProject
Global
	GlobalSection(SolutionConfigurationPlatforms) = preSolution
		Debug|Any CPU = Debug|Any CPU
		Release|Any CPU = Release|Any CPU
	EndGlobalSection
	GlobalSection(ProjectConfigurationPlatforms) = postSolution
		{D47AEBB1-24D8-4D6F-A4C8-E7319D2CDACB}.Debug|Any CPU.ActiveCfg = Debug|Any CPU
		{D47AEBB1-24D8-4D6F-A4C8-E7319D2CDACB}.Debug|Any CPU.Build.0 = Debug|Any CPU
		{D47AEBB1-24D8-4D6F-A4C8-E7319D2CDACB}.Release|Any CPU.ActiveCfg = Release|Any CPU
		{D47AEBB1-24D8-4D6F-A4C8-E7319D2CDACB}.Release|Any CPU.Build.0 = Release|Any CPU
		{3C340419-48FF-4BD4-9427-372CDA5B63A2}.Debug|Any CPU.ActiveCfg = Debug|Any CPU
		{3C340419-48FF-4BD4-9427-372CDA5B63A2}.Debug|Any CPU.Build.0 = Debug|Any CPU
		{3C340419-48FF-4BD4-9427-372CDA5B63A2}.Release|Any CPU.ActiveCfg = Release|Any CPU
		{3C340419-48FF-4BD4-9427-372CDA5B63A2}.Release|Any CPU.Build.0 = Release|Any CPU
		{DAFD777F-8553-4B28-A289-6CE10974B9E2}.Debug|Any CPU.ActiveCfg = Debug|Any CPU
		{DAFD777F-8553-4B28-A289-6CE10974B9E2}.Debug|Any CPU.Build.0 = Debug|Any CPU
		{DAFD777F-8553-4B28-A289-6CE10974B9E2}.Release|Any CPU.ActiveCfg = Release|Any CPU
		{DAFD777F-8553-4B28-A289-6CE10974B9E2}.Release|Any CPU.Build.0 = Release|Any CPU
	EndGlobalSection
	GlobalSection(SolutionProperties) = preSolution
		HideSolutionNode = FALSE
	EndGlobalSection
	GlobalSection(ExtensibilityGlobals) = postSolution
		SolutionGuid = {75D85DB6-72D0-4107-9493-012E8E8F6545}
	EndGlobalSection
EndGlobal
